{
  "requires": true,
  "lockfileVersion": 1,
  "dependencies": {
    "@daonomic/tests-common": {
      "version": "0.2.2",
      "resolved": "https://registry.npmjs.org/@daonomic/tests-common/-/tests-common-0.2.2.tgz",
      "integrity": "sha512-BIP5bYvmeVyZxE67cidhqudNC5xs5cU65aN14j6ySDCjBDhcA6RjF/ufTnxzAJ+OIxh5jQipdKtX5P9KFFGpmw=="
    }
  }
}
